
Microsoft Visual Studio Solution File, Format Version 12.00
# Visual Studio Version 17
VisualStudioVersion = 17.1.31911.260
MinimumVisualStudioVersion = 10.0.40219.1
Project("{9A19103F-16F7-4668-BE54-9A1E7A4F7556}") = "VisualStudioGallery", "src\VisualStudioGallery\VisualStudioGallery.csproj", "{94C146C3-6198-4467-94B4-22F889C23B7E}"
EndProject
Project("{2150E333-8FDC-42A3-9474-1A3956D46DE8}") = "Solution Items", "Solution Items", "{072C02B1-BD46-439C-A640-1F5289513BF4}"
	ProjectSection(SolutionItems) = preProject
		.editorconfig = .editorconfig
		.netconfig = .netconfig
		.github\workflows\build.yml = .github\workflows\build.yml
		.github\workflows\deploy.yml = .github\workflows\deploy.yml
		readme.md = readme.md
	EndProjectSection
EndProject
Global
	GlobalSection(SolutionConfigurationPlatforms) = preSolution
		Debug|Any CPU = Debug|Any CPU
		Release|Any CPU = Release|Any CPU
	EndGlobalSection
	GlobalSection(ProjectConfigurationPlatforms) = postSolution
		{94C146C3-6198-4467-94B4-22F889C23B7E}.Debug|Any CPU.ActiveCfg = Debug|Any CPU
		{94C146C3-6198-4467-94B4-22F889C23B7E}.Debug|Any CPU.Build.0 = Debug|Any CPU
		{94C146C3-6198-4467-94B4-22F889C23B7E}.Release|Any CPU.ActiveCfg = Release|Any CPU
		{94C146C3-6198-4467-94B4-22F889C23B7E}.Release|Any CPU.Build.0 = Release|Any CPU
	EndGlobalSection
	GlobalSection(SolutionProperties) = preSolution
		HideSolutionNode = FALSE
	EndGlobalSection
	GlobalSection(ExtensibilityGlobals) = postSolution
		SolutionGuid = {A70A6AD3-EAF9-4DCF-B1A3-4518444520B8}
	EndGlobalSection
EndGlobal
